
Microsoft Visual Studio Solution File, Format Version 12.00
# Visual Studio Version 17
VisualStudioVersion = 17.2.32630.192
MinimumVisualStudioVersion = 10.0.40219.1
Project("{FAE04EC0-301F-11D3-BF4B-00C04F79EFBC}") = "project2_apiDev", "project2_apiDev.csproj", "{7E38C10F-510B-498E-94DB-C531B6C5B68F}"
EndProject
Global
	GlobalSection(SolutionConfigurationPlatforms) = preSolution
		Debug|Any CPU = Debug|Any CPU
		Release|Any CPU = Release|Any CPU
	EndGlobalSection
	GlobalSection(ProjectConfigurationPlatforms) = postSolution
		{7E38C10F-510B-498E-94DB-C531B6C5B68F}.Debug|Any CPU.ActiveCfg = Debug|Any CPU
		{7E38C10F-510B-498E-94DB-C531B6C5B68F}.Debug|Any CPU.Build.0 = Debug|Any CPU
		{7E38C10F-510B-498E-94DB-C531B6C5B68F}.Release|Any CPU.ActiveCfg = Release|Any CPU
		{7E38C10F-510B-498E-94DB-C531B6C5B68F}.Release|Any CPU.Build.0 = Release|Any CPU
	EndGlobalSection
	GlobalSection(SolutionProperties) = preSolution
		HideSolutionNode = FALSE
	EndGlobalSection
	GlobalSection(ExtensibilityGlobals) = postSolution
		SolutionGuid = {CD78FE67-0E45-411A-BEDF-4E285E0E46C3}
	EndGlobalSection
EndGlobal
